
Microsoft Visual Studio Solution File, Format Version 12.00
# Visual Studio 14
VisualStudioVersion = 14.0.23107.0
MinimumVisualStudioVersion = 10.0.40219.1
Project("{FAE04EC0-301F-11D3-BF4B-00C04F79EFBC}") = "App.IRepository", "App.IResposity\App.IRepository.csproj", "{F4B80899-790D-4DFD-8F2D-B56566B4CD07}"
EndProject
Project("{FAE04EC0-301F-11D3-BF4B-00C04F79EFBC}") = "App.IService", "App.IService\App.IService.csproj", "{54B34868-034F-4045-B91D-D79F5F9FBE98}"
EndProject
Project("{FAE04EC0-301F-11D3-BF4B-00C04F79EFBC}") = "App.Model", "App.Model\App.Model.csproj", "{E4CA8F40-0716-4A34-B5A3-BE7CFB279FA2}"
EndProject
Project("{FAE04EC0-301F-11D3-BF4B-00C04F79EFBC}") = "App.Repository", "App.Resposity\App.Repository.csproj", "{518F733D-5A46-4C35-9F2E-B08C1247116B}"
EndProject
Project("{FAE04EC0-301F-11D3-BF4B-00C04F79EFBC}") = "App.Service", "App.Service\App.Service.csproj", "{9D753DEF-3314-49CD-A1A0-DD0218223BA5}"
EndProject
Project("{2150E333-8FDC-42A3-9474-1A3956D46DE8}") = "1. Repository", "1. Repository", "{068A83A2-624D-403C-8F77-B2EDF2559408}"
EndProject
Project("{2150E333-8FDC-42A3-9474-1A3956D46DE8}") = "2. Service", "2. Service", "{2335D4B1-9A6F-46C2-ADEC-932B027EFFBD}"
EndProject
Project("{2150E333-8FDC-42A3-9474-1A3956D46DE8}") = "3. Model", "3. Model", "{0A7AD7E7-7C15-4EF4-97F0-BBEA4E2AE0BA}"
EndProject
Project("{2150E333-8FDC-42A3-9474-1A3956D46DE8}") = "4. Server", "4. Server", "{7E4317F2-8E9A-4B5F-AFAA-97BF3FC4C18C}"
EndProject
Project("{2150E333-8FDC-42A3-9474-1A3956D46DE8}") = "5. Test", "5. Test", "{07CCC12C-BE4B-45AF-972C-5F09E4F79B77}"
EndProject
Project("{FAE04EC0-301F-11D3-BF4B-00C04F79EFBC}") = "App.Server", "App.Server\App.Server.csproj", "{2078A486-E5CA-4198-9F2E-762441F1F73B}"
EndProject
Project("{FAE04EC0-301F-11D3-BF4B-00C04F79EFBC}") = "App.Server.Tests", "App.Server.Tests\App.Server.Tests.csproj", "{87F8C785-3989-435E-9472-1518D27FB688}"
EndProject
Global
	GlobalSection(SolutionConfigurationPlatforms) = preSolution
		Debug|Any CPU = Debug|Any CPU
		Release|Any CPU = Release|Any CPU
	EndGlobalSection
	GlobalSection(ProjectConfigurationPlatforms) = postSolution
		{F4B80899-790D-4DFD-8F2D-B56566B4CD07}.Debug|Any CPU.ActiveCfg = Debug|Any CPU
		{F4B80899-790D-4DFD-8F2D-B56566B4CD07}.Debug|Any CPU.Build.0 = Debug|Any CPU
		{F4B80899-790D-4DFD-8F2D-B56566B4CD07}.Release|Any CPU.ActiveCfg = Release|Any CPU
		{F4B80899-790D-4DFD-8F2D-B56566B4CD07}.Release|Any CPU.Build.0 = Release|Any CPU
		{54B34868-034F-4045-B91D-D79F5F9FBE98}.Debug|Any CPU.ActiveCfg = Debug|Any CPU
		{54B34868-034F-4045-B91D-D79F5F9FBE98}.Debug|Any CPU.Build.0 = Debug|Any CPU
		{54B34868-034F-4045-B91D-D79F5F9FBE98}.Release|Any CPU.ActiveCfg = Release|Any CPU
		{54B34868-034F-4045-B91D-D79F5F9FBE98}.Release|Any CPU.Build.0 = Release|Any CPU
		{E4CA8F40-0716-4A34-B5A3-BE7CFB279FA2}.Debug|Any CPU.ActiveCfg = Debug|Any CPU
		{E4CA8F40-0716-4A34-B5A3-BE7CFB279FA2}.Debug|Any CPU.Build.0 = Debug|Any CPU
		{E4CA8F40-0716-4A34-B5A3-BE7CFB279FA2}.Release|Any CPU.ActiveCfg = Release|Any CPU
		{E4CA8F40-0716-4A34-B5A3-BE7CFB279FA2}.Release|Any CPU.Build.0 = Release|Any CPU
		{518F733D-5A46-4C35-9F2E-B08C1247116B}.Debug|Any CPU.ActiveCfg = Debug|Any CPU
		{518F733D-5A46-4C35-9F2E-B08C1247116B}.Debug|Any CPU.Build.0 = Debug|Any CPU
		{518F733D-5A46-4C35-9F2E-B08C1247116B}.Release|Any CPU.ActiveCfg = Release|Any CPU
		{518F733D-5A46-4C35-9F2E-B08C1247116B}.Release|Any CPU.Build.0 = Release|Any CPU
		{9D753DEF-3314-49CD-A1A0-DD0218223BA5}.Debug|Any CPU.ActiveCfg = Debug|Any CPU
		{9D753DEF-3314-49CD-A1A0-DD0218223BA5}.Debug|Any CPU.Build.0 = Debug|Any CPU
		{9D753DEF-3314-49CD-A1A0-DD0218223BA5}.Release|Any CPU.ActiveCfg = Release|Any CPU
		{9D753DEF-3314-49CD-A1A0-DD0218223BA5}.Release|Any CPU.Build.0 = Release|Any CPU
		{2078A486-E5CA-4198-9F2E-762441F1F73B}.Debug|Any CPU.ActiveCfg = Debug|Any CPU
		{2078A486-E5CA-4198-9F2E-762441F1F73B}.Debug|Any CPU.Build.0 = Debug|Any CPU
		{2078A486-E5CA-4198-9F2E-762441F1F73B}.Release|Any CPU.ActiveCfg = Release|Any CPU
		{2078A486-E5CA-4198-9F2E-762441F1F73B}.Release|Any CPU.Build.0 = Release|Any CPU
		{87F8C785-3989-435E-9472-1518D27FB688}.Debug|Any CPU.ActiveCfg = Debug|Any CPU
		{87F8C785-3989-435E-9472-1518D27FB688}.Debug|Any CPU.Build.0 = Debug|Any CPU
		{87F8C785-3989-435E-9472-1518D27FB688}.Release|Any CPU.ActiveCfg = Release|Any CPU
		{87F8C785-3989-435E-9472-1518D27FB688}.Release|Any CPU.Build.0 = Release|Any CPU
	EndGlobalSection
	GlobalSection(SolutionProperties) = preSolution
		HideSolutionNode = FALSE
	EndGlobalSection
	GlobalSection(NestedProjects) = preSolution
		{F4B80899-790D-4DFD-8F2D-B56566B4CD07} = {068A83A2-624D-403C-8F77-B2EDF2559408}
		{54B34868-034F-4045-B91D-D79F5F9FBE98} = {2335D4B1-9A6F-46C2-ADEC-932B027EFFBD}
		{E4CA8F40-0716-4A34-B5A3-BE7CFB279FA2} = {0A7AD7E7-7C15-4EF4-97F0-BBEA4E2AE0BA}
		{518F733D-5A46-4C35-9F2E-B08C1247116B} = {068A83A2-624D-403C-8F77-B2EDF2559408}
		{9D753DEF-3314-49CD-A1A0-DD0218223BA5} = {2335D4B1-9A6F-46C2-ADEC-932B027EFFBD}
		{2078A486-E5CA-4198-9F2E-762441F1F73B} = {7E4317F2-8E9A-4B5F-AFAA-97BF3FC4C18C}
		{87F8C785-3989-435E-9472-1518D27FB688} = {07CCC12C-BE4B-45AF-972C-5F09E4F79B77}
	EndGlobalSection
EndGlobal
